
Microsoft Visual Studio Solution File, Format Version 12.00
# Visual Studio Version 17
VisualStudioVersion = 17.0.31903.59
MinimumVisualStudioVersion = 10.0.40219.1
Project("{FAE04EC0-301F-11D3-BF4B-00C04F79EFBC}") = "GameCharacterSystemTask.ConsoleUI", "GameCharacterSystemTask.ConsoleUI\GameCharacterSystemTask.ConsoleUI.csproj", "{A08F3A35-500C-40AE-B3BA-DC816A875FEC}"
EndProject
Project("{FAE04EC0-301F-11D3-BF4B-00C04F79EFBC}") = "GameCharacterSystemTask.Domain", "GameCharacterSystemTask.Domain\GameCharacterSystemTask.Domain.csproj", "{971E68D1-C08B-4334-8D5D-955B3DC95080}"
EndProject
Global
	GlobalSection(SolutionConfigurationPlatforms) = preSolution
		Debug|Any CPU = Debug|Any CPU
		Release|Any CPU = Release|Any CPU
	EndGlobalSection
	GlobalSection(ProjectConfigurationPlatforms) = postSolution
		{A08F3A35-500C-40AE-B3BA-DC816A875FEC}.Debug|Any CPU.ActiveCfg = Debug|Any CPU
		{A08F3A35-500C-40AE-B3BA-DC816A875FEC}.Debug|Any CPU.Build.0 = Debug|Any CPU
		{A08F3A35-500C-40AE-B3BA-DC816A875FEC}.Release|Any CPU.ActiveCfg = Release|Any CPU
		{A08F3A35-500C-40AE-B3BA-DC816A875FEC}.Release|Any CPU.Build.0 = Release|Any CPU
		{971E68D1-C08B-4334-8D5D-955B3DC95080}.Debug|Any CPU.ActiveCfg = Debug|Any CPU
		{971E68D1-C08B-4334-8D5D-955B3DC95080}.Debug|Any CPU.Build.0 = Debug|Any CPU
		{971E68D1-C08B-4334-8D5D-955B3DC95080}.Release|Any CPU.ActiveCfg = Release|Any CPU
		{971E68D1-C08B-4334-8D5D-955B3DC95080}.Release|Any CPU.Build.0 = Release|Any CPU
	EndGlobalSection
	GlobalSection(SolutionProperties) = preSolution
		HideSolutionNode = FALSE
	EndGlobalSection
	GlobalSection(ExtensibilityGlobals) = postSolution
		SolutionGuid = {D3B66650-6441-4753-85B1-029B476890A5}
	EndGlobalSection
EndGlobal
